{
    "_readme": [
        "This file locks the dependencies of your project to a known state",
        "Read more about it at https://getcomposer.org/doc/01-basic-usage.md#installing-dependencies",
        "This file is @generated automatically"
    ],
    "content-hash": "8a68bdb3380a4aaf3df09ef6f4d7f1cf",
    "packages": [],
    "packages-dev": [],
    "aliases": [],
    "minimum-stability": "stable",
    "stability-flags": [],
    "prefer-stable": false,
    "prefer-lowest": false,
    "platform": {
        "ext-json": "*",
        "ext-openssl": "*",
        "ext-mbstring": "*",
        "ext-gd": "*",
        "ext-mysqli": "*",
        "ext-curl": "*"
    },
    "platform-dev": [],
    "plugin-api-version": "2.6.0"
}
